github.com/richardwilkes/gcs/v5 v5.44.0 h1:Wv8t2vFU+Y7d9YPTQ4Mb6c7v5aL94kui3UCt30jGdQk=
github.com/richardwilkes/gcs/v5 v5.44.0/go.mod h1:EwiQEalzq6E6Kns+XR4dsrZmO0WsMBCiO7rpmAh8qUQ=
github.com/richardwilkes/toolbox/v2 v2.15.0 h1:mS5cfI7y93ZopW60PRuxdAmSGuuFnJZRQXqNHWNPGDA=
github.com/richardwilkes/toolbox/v2 v2.15.0/go.mod h1:c+FJfJNHFQBT6C46W+0K2DKtXiPNZdKSMehwoBarw4U=
gopkg.in/check.v1 v0.0.0-20161208181325-20d25e280405 h1:yhCVgyC4o1eVCa2tZl7eS0r+SDo693bJlVdllGtEeKM=
gopkg.in/check.v1 v0.0.0-20161208181325-20d25e280405/go.mod h1:Co6ibVJAznAaIkqp8huTwlJQCZ016jof/cbN4VW5Yz0=
gopkg.in/yaml.v3 v3.0.1 h1:fxVm/GzAzEWqLHuvctI91KS9hhNmmWOoWu0XTYJS7CA=
gopkg.in/yaml.v3 v3.0.1/go.mod h1:K4uyk7z7BCEPqu6E+C64Yfv1cQ7kz7rIZviUmN+EgEM=
